cloud.google.com/go v0.34.0 h1:eOI3/cP2VTU6uZLDYAoic+eyzzB9YyGmJ7eIjl8rOPg=
cloud.google.com/go v0.34.0/go.mod h1:aQUYkXzVsufM+DwF1aE+0xfcU+56JwCaLick0ClmMTw=
cloud.google.com/go/aiplatform v1.24.0 h1:QqHZT1IMldf/daXoSnkJWBIqGBsw50X+xP6HSVzLRPo=
cloud.google.com/go/aiplatform v1.24.0/go.mod h1:67UUvRBKG6GTayHKV8DBv2RtR1t93YRu5B1P3x99mYY=
cloud.google.com/go/analytics v0.12.0 h1:NKw6PpQi6V1O+KsjuTd+bhip9d0REYu4NevC45vtGp8=
cloud.google.com/go/analytics v0.12.0/go.mod h1:gkfj9h6XRf9+TS4bmuhPEShsh3hH8PAZzm/41OOhQd4=
cloud.google.com/go/area120 v0.6.0 h1:TCMhwWEWhCn8d44/Zs7UCICTWje9j3HuV6nVGMjdpYw=
cloud.google.com/go/area120 v0.6.0/go.mod h1:39yFJqWVgm0UZqWTOdqkLhjoC7uFfgXRC8g/ZegeAh0=
cloud.google.com/go/artifactregistry v1.7.0 h1:9yKYCozdh29v7QMx3QBuksZGtPNICFb5SVnyNvkKRGg=
cloud.google.com/go/artifactregistry v1.7.0/go.mod h1:mqTOFOnGZx8EtSqK/ZWcsm/4U8B77rbcLP6ruDU2Ixk=
cloud.google.com/go/asset v1.7.0 h1:1zumX+e2xh1qTuBJE0ExxU45s7SmRaZQhp9EJEdQou8=
cloud.google.com/go/asset v1.7.0/go.mod h1:YbENsRK4+xTiL+Ofoj5Ckf+O17kJtgp3Y3nn4uzZz5s=
cloud.google.com/go/assuredworkloads v1.6.0 h1:2RVswX57rLj/3SneMwVk6inceggf+6wl4THRru/Joi8=
cloud.google.com/go/assuredworkloads v1.6.0/go.mod h1:yo2YOk37Yc89Rsd5QMVECvjaMKymF9OP+QXWlKXUkXw=
cloud.google.com/go/automl v1.6.0 h1:U+kHmeKGXgBvTlrecPJhwkItWaIpIscG5DUpQxBQZZg=
cloud.google.com/go/automl v1.6.0/go.mod h1:ugf8a6Fx+zP0D59WLhqgTDsQI9w07o64uf/Is3Nh5p8=
cloud.google.com/go/bigquery v1.42.0 h1:JuTk8po4bCKRwObdT0zLb1K0BGkGHJdtgs2GK3j2Gws=
cloud.google.com/go/bigquery v1.42.0/go.mod h1:8dRTJxhtG+vwBKzE5OseQn/hiydoQN3EedCaOdYmxRA=
cloud.google.com/go/billing v1.5.0 h1:4RESn+mA7eGPBr5eQ4B/hbkHNivzYHbgRWpdlNeNjiE=
cloud.google.com/go/billing v1.5.0/go.mod h1:mztb1tBc3QekhjSgmpf/CV4LzWXLzCArwpLmP2Gm88s=
cloud.google.com/go/binaryauthorization v1.2.0 h1:5F7dowxGuYQlX3LjfjH/sKf+IvI1TsItTw0sDZmoec4=
cloud.google.com/go/binaryauthorization v1.2.0/go.mod h1:86WKkJHtRcv5ViNABtYMhhNWRrD1Vpi//uKEy7aYEfI=
cloud.google.com/go/cloudtasks v1.6.0 h1:IL5W4fh6dAq9x1mO+4evrWCISOmPJegdaO0hZRZmWNE=
cloud.google.com/go/cloudtasks v1.6.0/go.mod h1:C6Io+sxuke9/KNRkbQpihnW93SWDU3uXt92nu85HkYI=
cloud.google.com/go/containeranalysis v0.6.0 h1:2824iym832ljKdVpCBnpqm5K94YT/uHTVhNF+dRTXPI=
cloud.google.com/go/containeranalysis v0.6.0/go.mod h1:HEJoiEIu+lEXM+k7+qLCci0h33lX3ZqoYFdmPcoO7s4=
cloud.google.com/go/datacatalog v1.6.0 h1:xzXGAE2fAuMh+ksODKr9nRv9ega1vHjFwRqMA8tRrVE=
cloud.google.com/go/datacatalog v1.6.0/go.mod h1:+aEyF8JKg+uXcIdAmmaMUmZ3q1b/lKLtXCmXdnc0lbc=
cloud.google.com/go/dataflow v0.7.0 h1:CW3541Fm7KPTyZjJdnX6NtaGXYFn5XbFC5UcjgALKvU=
cloud.google.com/go/dataflow v0.7.0/go.mod h1:PX526vb4ijFMesO1o202EaUmouZKBpjHsTlCtB4parQ=
cloud.google.com/go/dataform v0.4.0 h1:fnwkyzCVcPI/TmBheGgpmK2h+hWUIDHcZBincHRhrQ0=
cloud.google.com/go/dataform v0.4.0/go.mod h1:fwV6Y4Ty2yIFL89huYlEkwUPtS7YZinZbzzj5S9FzCE=
cloud.google.com/go/datalabeling v0.6.0 h1:dp8jOF21n/7jwgo/uuA0RN8hvLcKO4q6s/yvwevs2ZM=
cloud.google.com/go/datalabeling v0.6.0/go.mod h1:WqdISuk/+WIGeMkpw/1q7bK/tFEZxsrFJOJdY2bXvTQ=
cloud.google.com/go/dataqna v0.6.0 h1:gx9jr41ytcA3dXkbbd409euEaWtofCVXYBvJz3iYm18=
cloud.google.com/go/dataqna v0.6.0/go.mod h1:1lqNpM7rqNLVgWBJyk5NF6Uen2PHym0jtVJonplVsDA=
cloud.google.com/go/datastream v1.3.0 h1:ula4YR2K66o5wifLdPQMtR2I6KP+zvqdSEb6ncd1e0g=
cloud.google.com/go/datastream v1.3.0/go.mod h1:cqlOX8xlyYF/uxhiKn6Hbv6WjwPPuI9W2M9SAXwaLLQ=
cloud.google.com/go/dialogflow v1.16.1 h1:4ccwvAOnFdgliUJyQSeyG9Yy3HW4jF24xDIX6ftbqvY=
cloud.google.com/go/dialogflow v1.16.1/go.mod h1:po6LlzGfK+smoSmTBnbkIZY2w8ffjz/RcGSS+sh1el0=
cloud.google.com/go/documentai v1.8.0 h1:CipwaecNhtsWUSneV2J5y8OqudHqvqPlcMHgSyh8vak=
cloud.google.com/go/documentai v1.8.0/go.mod h1:xGHNEB7CtsnySCNrCFdCyyMz44RhFEEX2Q7UD0c5IhU=
cloud.google.com/go/domains v0.7.0 h1:pu3JIgC1rswIqi5romW0JgNO6CTUydLYX8zyjiAvO1c=
cloud.google.com/go/domains v0.7.0/go.mod h1:PtZeqS1xjnXuRPKE/88Iru/LdfoRyEHYA9nFQf4UKpg=
cloud.google.com/go/edgecontainer v0.1.0 h1:PS3AxjRqMu2XS01YLG/teWFQlZrP7+a+LJBj37zBMAQ=
cloud.google.com/go/edgecontainer v0.1.0/go.mod h1:WgkZ9tp10bFxqO8BLPqv2LlfmQF1X8lZqwW4r1BTajk=
cloud.google.com/go/functions v1.7.0 h1:s3Snbr2O4j4p7CuwImBas8rNNmkHS1YJANcCpKGqQSE=
cloud.google.com/go/functions v1.7.0/go.mod h1:+d+QBcWM+RsrgZfV9xo6KfA1GlzJfxcfZcRPEhDDfzg=
cloud.google.com/go/gaming v1.6.0 h1:PKggmegChZulPW8yvtziF8P9UOuVFwbvylbEucTNups=
cloud.google.com/go/gaming v1.6.0/go.mod h1:YMU1GEvA39Qt3zWGyAVA9bpYz/yAhTvaQ1t2sK4KPUA=
cloud.google.com/go/gkeconnect v0.6.0 h1:zAcvDa04tTnGdu6TEZewaLN2tdMtUOJJ7fEceULjguA=
cloud.google.com/go/gkeconnect v0.6.0/go.mod h1:Mln67KyU/sHJEBY8kFZ0xTeyPtzbq9StAVvEULYK16A=
cloud.google.com/go/gkehub v0.10.0 h1:JTcTaYQRGsVm+qkah7WzHb6e9sf1C0laYdRPn9aN+vg=
cloud.google.com/go/gkehub v0.10.0/go.mod h1:UIPwxI0DsrpsVoWpLB0stwKCP+WFVG9+y977wO+hBH0=
cloud.google.com/go/language v1.6.0 h1:Fb2iua/5/UBvUuW9PgBinwsCRDi1qoQJEuekOinHFCs=
cloud.google.com/go/language v1.6.0/go.mod h1:6dJ8t3B+lUYfStgls25GusK04NLh3eDLQnWM3mdEbhI=
cloud.google.com/go/lifesciences v0.6.0 h1:tIqhivE2LMVYkX0BLgG7xL64oNpDaFFI7teunglt1tI=
cloud.google.com/go/lifesciences v0.6.0/go.mod h1:ddj6tSX/7BOnhxCSd3ZcETvtNr8NZ6t/iPhY2Tyfu08=
cloud.google.com/go/mediatranslation v0.6.0 h1:qAJzpxmEX+SeND10Y/4868L5wfZpo4Y3BIEnIieP4dk=
cloud.google.com/go/mediatranslation v0.6.0/go.mod h1:hHdBCTYNigsBxshbznuIMFNe5QXEowAuNmmC7h8pu5w=
cloud.google.com/go/memcache v1.5.0 h1:qTBOiSnVw7rnW6GVeH5Br8qs80ILoflNgFZySvaT4ek=
cloud.google.com/go/memcache v1.5.0/go.mod h1:dk3fCK7dVo0cUU2c36jKb4VqKPS22BTkf81Xq617aWM=
cloud.google.com/go/metastore v1.6.0 h1:wzJ9HslsybiJ3HL2168dVonr9D/eBq0VqObiMSCrE6c=
cloud.google.com/go/metastore v1.6.0/go.mod h1:6cyQTls8CWXzk45G55x57DVQ9gWg7RiH65+YgPsNh9s=
cloud.google.com/go/networkconnectivity v1.5.0 h1:mtIQewrz1ewMU3J0vVkUIJtAkpOqgkz4+UmcreeAm08=
cloud.google.com/go/networkconnectivity v1.5.0/go.mod h1:3GzqJx7uhtlM3kln0+x5wyFvuVH1pIBJjhCpjzSt75o=
cloud.google.com/go/networksecurity v0.6.0 h1:qDEX/3sipg9dS5JYsAY+YvgTjPR63cozzAWop8oZS94=
cloud.google.com/go/networksecurity v0.6.0/go.mod h1:Q5fjhTr9WMI5mbpRYEbiexTzROf7ZbDzvzCrNl14nyU=
cloud.google.com/go/notebooks v1.3.0 h1:YfPI4pOYQDcqJ+thM2cGtR9oRoRv42vRfubSPZnk3DI=
cloud.google.com/go/notebooks v1.3.0/go.mod h1:bFR5lj07DtCPC7YAAJ//vHskFBxA5JzYlH68kXVdk34=
cloud.google.com/go/osconfig v1.8.0 h1:fkFlXCxkUt3tE8LYtF6CipuPbC/HIrciwDTjFpsTf88=
cloud.google.com/go/osconfig v1.8.0/go.mod h1:EQqZLu5w5XA7eKizepumcvWx+m8mJUhEwiPqWiZeEdg=
cloud.google.com/go/oslogin v1.5.0 h1:/7sVaMdtqSm6AjxW8KzoM6UKawkg3REr0XJ1zKtidpc=
cloud.google.com/go/oslogin v1.5.0/go.mod h1:D260Qj11W2qx/HVF29zBg+0fd6YCSjSqLUkY/qEenQU=
cloud.google.com/go/phishingprotection v0.6.0 h1:OrwHLSRSZyaiOt3tnY33dsKSedxbMzsXvqB21okItNQ=
cloud.google.com/go/phishingprotection v0.6.0/go.mod h1:9Y3LBLgy0kDTcYET8ZH3bq/7qni15yVUoAxiFxnlSUA=
cloud.google.com/go/privatecatalog v0.6.0 h1:Vz86uiHCtNGm1DeC32HeG2VXmOq5JRYA3VRPf8ZEcSg=
cloud.google.com/go/privatecatalog v0.6.0/go.mod h1:i/fbkZR0hLN29eEWiiwue8Pb+GforiEIBnV9yrRUOKI=
cloud.google.com/go/recaptchaenterprise/v2 v2.2.0 h1:CM59ZlNZxxpn24nwXfxhL4JtnGFTJ6gfSkoFbM8FKxE=
cloud.google.com/go/recaptchaenterprise/v2 v2.2.0/go.mod h1:/Zu5jisWGeERrd5HnlS3EUGb/D335f9k51B/FVil0jk=
cloud.google.com/go/recommendationengine v0.6.0 h1:6w+WxPf2LmUEqX0YyvfCoYb8aBYOcbIV25Vg6R0FLGw=
cloud.google.com/go/recommendationengine v0.6.0/go.mod h1:08mq2umu9oIqc7tDy8sx+MNJdLG0fUi3vaSVbztHgJ4=
cloud.google.com/go/recommender v1.6.0 h1:C1tw+Qa/bgm6LoH1wuxYdoyinwKkW/jDJ0GpSJf58cE=
cloud.google.com/go/recommender v1.6.0/go.mod h1:+yETpm25mcoiECKh9DEScGzIRyDKpZ0cEhWGo+8bo+c=
cloud.google.com/go/redis v1.8.0 h1:gtPd4pG/Go5mrdGQ4MJXxPHtjxtoWUBkrWLXNV1L2TA=
cloud.google.com/go/redis v1.8.0/go.mod h1:Fm2szCDavWzBk2cDKxrkmWBqoCiL1+Ctwq7EyqBCA/A=
cloud.google.com/go/retail v1.9.0 h1:Q3W/JsQupZWaoFxUOugZd1Eq590R+Dk6dhacLK2h7+w=
cloud.google.com/go/retail v1.9.0/go.mod h1:g6jb6mKuCS1QKnH/dpu7isX253absFl6iE92nHwlBUY=
cloud.google.com/go/scheduler v1.5.0 h1:Fe1Upic/q4cwqXbInCzgAW35QSerj8JlNwATIxDdfOI=
cloud.google.com/go/scheduler v1.5.0/go.mod h1:ri073ym49NW3AfT6DZi21vLZrG07GXr5p3H1KxN5QlI=
cloud.google.com/go/secretmanager v1.6.0 h1:5v0zegRMlytVnN7J+bg5Ipqah3I2RZ67ysy00mvA+lA=
cloud.google.com/go/secretmanager v1.6.0/go.mod h1:awVa/OXF6IiyaU1wQ34inzQNc4ISIDIrId8qE5QGgKA=
cloud.google.com/go/security v1.8.0 h1:linnRc3/gJYDfKbAtNixVQ52+66DpOx5MmCz0NNxal8=
cloud.google.com/go/security v1.8.0/go.mod h1:hAQOwgmaHhztFhiQ41CjDODdWP0+AE1B3sX4OFlq+GU=
cloud.google.com/go/securitycenter v1.14.0 h1:hKIggnv2eCAPjsVnFcZbytMOsFOk6p4ut0iAUDoNsNA=
cloud.google.com/go/securitycenter v1.14.0/go.mod h1:gZLAhtyKv85n52XYWt6RmeBdydyxfPeTrpToDPw4Auc=
cloud.google.com/go/servicedirectory v1.5.0 h1:QmCWml/qvNOYyiPP4G52srYcsHSLCXuvydJDVLTFSe8=
cloud.google.com/go/servicedirectory v1.5.0/go.mod h1:QMKFL0NUySbpZJ1UZs3oFAmdvVxhhxB6eJ/Vlp73dfg=
cloud.google.com/go/speech v1.7.0 h1:bRI2QczZGpcPfuhHr63VOdfyyfYp/43N0wRuBKrd0nQ=
cloud.google.com/go/speech v1.7.0/go.mod h1:KptqL+BAQIhMsj1kOP2la5DSEEerPDuOP/2mmkhHhZQ=
cloud.google.com/go/talent v1.2.0 h1:6c4pvu3k2idEhJRZnZ2HdVLWZUuT9fsns2gQtCzRtqA=
cloud.google.com/go/talent v1.2.0/go.mod h1:MoNF9bhFQbiJ6eFD3uSsg0uBALw4n4gaCaEjBw9zo8g=
cloud.google.com/go/videointelligence v1.7.0 h1:w56i2xl1jHX2tz6rHXBPHd6xujevhImzbc16Kl+V/zQ=
cloud.google.com/go/videointelligence v1.7.0/go.mod h1:k8pI/1wAhjznARtVT9U1llUaFNPh7muw8QyOUpavru4=
cloud.google.com/go/vision/v2 v2.3.0 h1:eEyIDJ5/98UmQrYZ6eQExUT3iHyDjzzPX29UP6x7ZQo=
cloud.google.com/go/vision/v2 v2.3.0/go.mod h1:UO61abBx9QRMFkNBbf1D8B1LXdS2cGiiCRx0vSpZoUo=
cloud.google.com/go/webrisk v1.5.0 h1:WdHJmLSAs5bIis/WWO7pIfiRBD1PiWe1OAlPrWeM9Tk=
cloud.google.com/go/webrisk v1.5.0/go.mod h1:iPG6fr52Tv7sGk0H6qUFzmL3HHZev1htXuWDEEsqMTg=
cloud.google.com/go/workflows v1.7.0 h1:0MjX5ugKmTdbRG2Vai5aAgNAOe2wzvs/XQwFDSowy9c=
cloud.google.com/go/workflows v1.7.0/go.mod h1:JhSrZuVZWuiDfKEFxU0/F1PQjmpnpcoISEXH2bcHC3M=
github.com/census-instrumentation/opencensus-proto v0.2.1 h1:glEXhBS5PSLLv4IXzLA5yPRVX4bilULVyxxbrfOtDAk=
github.com/census-instrumentation/opencensus-proto v0.2.1/go.mod h1:f6KPmirojxKA12rnyqOA5BBL4O983OfeGPqjHWSTneU=
github.com/cespare/xxhash/v2 v2.1.1 h1:6MnRN8NT7+YBpUIWxHtefFZOKTAPgGjpQSxqLNn0+qY=
github.com/cespare/xxhash/v2 v2.1.1/go.mod h1:VGX0DQ3Q6kWi7AoAeZDth3/j3BFtOZR5XLFGgcrjCOs=
github.com/cncf/udpa/go v0.0.0-20210930031921-04548b0d99d4 h1:hzAQntlaYRkVSFEfj9OTWlVV1H155FMD8BTKktLv0QI=
github.com/cncf/udpa/go v0.0.0-20210930031921-04548b0d99d4/go.mod h1:6pvJx4me5XPnfI9Z40ddWsdw2W/uZgQLFXToKeRcDiI=
github.com/cncf/xds/go v0.0.0-20211011173535-cb28da3451f1 h1:zH8ljVhhq7yC0MIeUL/IviMtY8hx2mK8cN9wEYb8ggw=
github.com/cncf/xds/go v0.0.0-20211011173535-cb28da3451f1/go.mod h1:eXthEFrGJvWHgFFCl3hGmgk+/aYT6PnTQLykKQRLhEs=
github.com/creack/pty v1.1.9 h1:uDmaGzcdjhF4i/plgjmEsriH11Y0o7RKapEf/LDaM3w=
github.com/creack/pty v1.1.9/go.mod h1:oKZEueFk5CKHvIhNR5MUki03XCEU+Q6VDXinZuGJ33E=
github.com/davecgh/go-spew v1.1.0/go.mod h1:J7Y8YcW2NihsgmVo/mv3lAwl/skON4iLHjSsI+c5H38=
github.com/davecgh/go-spew v1.1.1 h1:vj9j/u1bqnvCEfJOwUhtlOARqs3+rkHYY13jYWTU97c=
github.com/davecgh/go-spew v1.1.1/go.mod h1:J7Y8YcW2NihsgmVo/mv3lAwl/skON4iLHjSsI+c5H38=
github.com/envoyproxy/go-control-plane v0.10.2-0.20220325020618-49ff273808a1 h1:xvqufLtNVwAhN8NMyWklVgxnWohi+wtMGQMhtxexlm0=
github.com/envoyproxy/go-control-plane v0.10.2-0.20220325020618-49ff273808a1/go.mod h1:KJwIaB5Mv44NWtYuAOFCVOjcI94vtpEz2JU/D2v6IjE=
github.com/envoyproxy/protoc-gen-validate v0.1.0 h1:EQciDnbrYxy13PgWoY8AqoxGiPrpgBZ1R8UNe3ddc+A=
github.com/envoyproxy/protoc-gen-validate v0.1.0/go.mod h1:iSmxcyjqTsJpI2R4NaDN7+kN2VEUnK/pcBlmesArF7c=
github.com/golang/glog v0.0.0-20160126235308-23def4e6c14b h1:VKtxabqXZkF25pY9ekfRL6a582T4P37/31XEstQ5p58=
github.com/golang/glog v0.0.0-20160126235308-23def4e6c14b/go.mod h1:SBH7ygxi8pfUlaOkMMuAQtPIUF8ecWP5IEl/CR7VP2Q=
github.com/golang/protobuf v1.5.0/go.mod h1:FsONVRAS9T7sI+LIUmWTfcYkHO4aIWwzhcaSAoJOfIk=
github.com/golang/protobuf v1.5.2 h1:ROPKBNFfQgOUMifHyP+KYbvpjbdoFNs+aK7DXlji0Tw=
github.com/golang/protobuf v1.5.2/go.mod h1:XVQd3VNwM+JqD3oG2Ue2ip4fOMUkwXdXDdiuN0vRsmY=
github.com/google/go-cmp v0.5.5/go.mod h1:v8dTdLbMG2kIc/vJvl+f65V22dbkXbowE6jgT/gNBxE=
github.com/google/go-cmp v0.5.8 h1:e6P7q2lk1O+qJJb4BtCQXlK8vWEO8V1ZeuEdJNOqZyg=
github.com/google/go-cmp v0.5.8/go.mod h1:17dUlkBOakJ0+DkrSSNjCkIjxS6bF9zb3elmeNGIjoY=
github.com/google/uuid v1.1.2 h1:EVhdT+1Kseyi1/pUmXKaFxYsDNy9RQYkMWRH68J/W7Y=
github.com/google/uuid v1.1.2/go.mod h1:TIyPZe4MgqvfeYDBFedMoGGpEw/LqOeaOT+nhxU+yHo=
github.com/kr/pretty v0.1.0/go.mod h1:dAy3ld7l9f0ibDNOQOHHMYYIIbhfbHSm3C4ZsoJORNo=
github.com/kr/pretty v0.2.1/go.mod h1:ipq/a2n7PKx3OHsz4KJII5eveXtPO4qwEXGdVfWzfnI=
github.com/kr/pretty v0.3.0 h1:WgNl7dwNpEZ6jJ9k1snq4pZsg7DOEN8hP9Xw0Tsjwk0=
github.com/kr/pretty v0.3.0/go.mod h1:640gp4NfQd8pI5XOwp5fnNeVWj67G7CFk/SaSQn7NBk=
github.com/kr/pty v1.1.1 h1:VkoXIwSboBpnk99O/KFauAEILuNHv5DVFKZMBN/gUgw=
github.com/kr/pty v1.1.1/go.mod h1:pFQYn66WHrOpPYNljwOMqo10TkYh1fy3cYio2l3bCsQ=
github.com/kr/text v0.1.0/go.mod h1:4Jbv+DJW3UT/LiOwJeYQe1efqtUx/iVham/4vfdArNI=
github.com/kr/text v0.2.0 h1:5Nx0Ya0ZqY2ygV366QzturHI13Jq95ApcVaJBhpS+AY=
github.com/kr/text v0.2.0/go.mod h1:eLer722TekiGuMkidMxC/pM04lWEeraHUUmBw8l2grE=
github.com/pkg/diff v0.0.0-20210226163009-20ebb0f2a09e h1:aoZm08cpOy4WuID//EZDgcC4zIxODThtZNPirFr42+A=
github.com/pkg/diff v0.0.0-20210226163009-20ebb0f2a09e/go.mod h1:pJLUxLENpZxwdsKMEsNbx1VGcRFpLqf3715MtcvvzbA=
github.com/pkg/errors v0.9.1 h1:FEBLx1zS214owpjy7qsBeixbURkuhQAwrK5UwLGTwt4=
github.com/pkg/errors v0.9.1/go.mod h1:bwawxfHBFNV+L2hUp1rHADufV3IMtnDRdf1r5NINEl0=
github.com/pmezard/go-difflib v1.0.0 h1:4DBwDE0NGyQoBHbLQYPwSUPoCMWR5BEzIk/f1lZbAQM=
github.com/pmezard/go-difflib v1.0.0/go.mod h1:iKH77koFhYxTK1pcRnkKkqfTogsbg7gZNVY4sRDYZ/4=
github.com/rogpeppe/go-internal v1.6.1/go.mod h1:xXDCJY+GAPziupqXw64V24skbSoqbTEfhy4qGm1nDQc=
github.com/rogpeppe/go-internal v1.8.1 h1:geMPLpDpQOgVyCg5z5GoRwLHepNdb71NXb67XFkP+Eg=
github.com/rogpeppe/go-internal v1.8.1/go.mod h1:JeRgkft04UBgHMgCIwADu4Pn6Mtm5d4nPKWu0nJ5d+o=
github.com/stretchr/objx v0.1.0/go.mod h1:HFkY916IF+rwdDfMAkV7OtwuqBVzrE8GR6GFx+wExME=
github.com/stretchr/objx v0.4.0/go.mod h1:YvHI0jy2hoMjB+UWwv71VJQ9isScKT/TqJzVSSt89Yw=
github.com/stretchr/objx v0.5.0 h1:1zr/of2m5FGMsad5YfcqgdqdWrIhu+EBEJRhR1U7z/c=
github.com/stretchr/objx v0.5.0/go.mod h1:Yh+to48EsGEfYuaHDzXPcE3xhTkx73EhmCGUpEOglKo=
github.com/stretchr/testify v1.7.1/go.mod h1:6Fq8oRcR53rry900zMqJjRRixrwX3KX962/h/Wwjteg=
github.com/stretchr/testify v1.8.0/go.mod h1:yNjHg4UonilssWZ8iaSj1OCr/vHnekPRkoO+kdMU+MU=
github.com/stretchr/testify v1.8.1 h1:w7B6lhMri9wdJUVmEZPGGhZzrYTPvgJArz7wNPgYKsk=
github.com/stretchr/testify v1.8.1/go.mod h1:w2LPCIKwWwSfY2zedu0+kehJoqGctiVI29o6fzry7u4=
golang.org/x/net v0.7.0 h1:rJrUqqhjsgNp7KqAIc25s9pZnjU7TUcSY7HcVZjdn1g=
golang.org/x/net v0.7.0/go.mod h1:2Tu9+aMcznHK/AK1HMvgo6xiTLG5rD5rZLDS+rp2Bjs=
golang.org/x/oauth2 v0.0.0-20200107190931-bf48bf16ab8d h1:TzXSXBo42m9gQenoE3b9BGiEpg5IG2JkU5FkPIawgtw=
golang.org/x/oauth2 v0.0.0-20200107190931-bf48bf16ab8d/go.mod h1:gOpvHmFTYa4IltrdGE7lF6nIHvwfUNPOp7c8zoXwtLw=
golang.org/x/sys v0.5.0 h1:MUK/U/4lj1t1oPg0HfuXDN/Z1wv31ZJ/YcPiGccS4DU=
golang.org/x/sys v0.5.0/go.mod h1:oPkhp1MJrh7nUepCBck5+mAzfO9JrbApNNgaTdGDITg=
golang.org/x/term v0.5.0 h1:n2a8QNdAb0sZNpU9R1ALUXBbY+w51fCQDN+7EdxNBsY=
golang.org/x/term v0.5.0/go.mod h1:jMB1sMXY+tzblOD4FWmEbocvup2/aLOaQEp7JmGp78k=
golang.org/x/text v0.7.0 h1:4BRB4x83lYWy72KwLD/qYDuTu7q9PjSagHvijDw7cLo=
golang.org/x/text v0.7.0/go.mod h1:mrYo+phRRbMaCq/xk9113O4dZlRixOauAjOtrjsXDZ8=
golang.org/x/xerrors v0.0.0-20191204190536-9bdfabe68543/go.mod h1:I/5z698sn9Ka8TeJc9MKroUUfqBBauWjQqLJ2OPfmY0=
golang.org/x/xerrors v0.0.0-20200804184101-5ec99f83aff1 h1:go1bK/D/BFZV2I8cIQd1NKEZ+0owSTG1fDTci4IqFcE=
golang.org/x/xerrors v0.0.0-20200804184101-5ec99f83aff1/go.mod h1:I/5z698sn9Ka8TeJc9MKroUUfqBBauWjQqLJ2OPfmY0=
google.golang.org/appengine v1.4.0 h1:/wp5JvzpHIxhs/dumFmF7BXTf3Z+dd4uXta4kVyO508=
google.golang.org/appengine v1.4.0/go.mod h1:xpcJRLb0r/rnEns0DIKYYv+WjYCduHsrkT7/EB5XEv4=
google.golang.org/genproto v0.0.0-20221014213838-99cd37c6964a h1:GH6UPn3ixhWcKDhpnEC55S75cerLPdpp3hrhfKYjZgw=
google.golang.org/genproto v0.0.0-20221014213838-99cd37c6964a/go.mod h1:1vXfmgAz9N9Jx0QA82PqRVauvCz1SGSz739p0f183jM=
google.golang.org/grpc v1.50.1 h1:DS/BukOZWp8s6p4Dt/tOaJaTQyPyOoCcrjroHuCeLzY=
google.golang.org/grpc v1.50.1/go.mod h1:ZgQEeidpAuNRZ8iRrlBKXZQP1ghovWIVhdJRyCDK+GI=
google.golang.org/protobuf v1.26.0-rc.1/go.mod h1:jlhhOSvTdKEhbULTjvd4ARK9grFBp09yW+WbY/TyQbw=
google.golang.org/protobuf v1.26.0/go.mod h1:9q0QmTI4eRPtz6boOQmLYwt+qCgq0jsYwAQnmE0givc=
google.golang.org/protobuf v1.28.1 h1:d0NfwRgPtno5B1Wa6L2DAG+KivqkdutMf1UhdNx175w=
google.golang.org/protobuf v1.28.1/go.mod h1:HV8QOd/L58Z+nl8r43ehVNZIU/HEI6OcFqwMG9pJV4I=
gopkg.in/check.v1 v0.0.0-20161208181325-20d25e280405/go.mod h1:Co6ibVJAznAaIkqp8huTwlJQCZ016jof/cbN4VW5Yz0=
gopkg.in/check.v1 v1.0.0-20180628173108-788fd7840127/go.mod h1:Co6ibVJAznAaIkqp8huTwlJQCZ016jof/cbN4VW5Yz0=
gopkg.in/check.v1 v1.0.0-20201130134442-10cb98267c6c h1:Hei/4ADfdWqJk1ZMxUNpqntNwaWcugrBjAiHlqqRiVk=
gopkg.in/check.v1 v1.0.0-20201130134442-10cb98267c6c/go.mod h1:JHkPIbrfpd72SG/EVd6muEfDQjcINNoR0C8j2r3qZ4Q=
gopkg.in/errgo.v2 v2.1.0 h1:0vLT13EuvQ0hNvakwLuFZ/jYrLp5F3kcWHXdRggjCE8=
gopkg.in/errgo.v2 v2.1.0/go.mod h1:hNsd1EY+bozCKY1Ytp96fpM3vjJbqLJn88ws8XvfDNI=
gopkg.in/yaml.v3 v3.0.0-20200313102051-9f266ea9e77c/go.mod h1:K4uyk7z7BCEPqu6E+C64Yfv1cQ7kz7rIZviUmN+EgEM=
gopkg.in/yaml.v3 v3.0.1 h1:fxVm/GzAzEWqLHuvctI91KS9hhNmmWOoWu0XTYJS7CA=
gopkg.in/yaml.v3 v3.0.1/go.mod h1:K4uyk7z7BCEPqu6E+C64Yfv1cQ7kz7rIZviUmN+EgEM=
